
Microsoft Visual Studio Solution File, Format Version 12.00
# Visual Studio 15
VisualStudioVersion = 15.0.35431.46
MinimumVisualStudioVersion = 10.0.40219.1
Project("{FAE04EC0-301F-11D3-BF4B-00C04F79EFBC}") = "Çok Katmanlı Bir Otopark Sistemi", "Çok Katmanlı Bir Otopark Sistemi\Çok Katmanlı Bir Otopark Sistemi.csproj", "{54D0C562-1400-467D-9ABB-32367CE096C0}"
EndProject
Global
	GlobalSection(SolutionConfigurationPlatforms) = preSolution
		Debug|Any CPU = Debug|Any CPU
		Release|Any CPU = Release|Any CPU
	EndGlobalSection
	GlobalSection(ProjectConfigurationPlatforms) = postSolution
		{54D0C562-1400-467D-9ABB-32367CE096C0}.Debug|Any CPU.ActiveCfg = Debug|Any CPU
		{54D0C562-1400-467D-9ABB-32367CE096C0}.Debug|Any CPU.Build.0 = Debug|Any CPU
		{54D0C562-1400-467D-9ABB-32367CE096C0}.Release|Any CPU.ActiveCfg = Release|Any CPU
		{54D0C562-1400-467D-9ABB-32367CE096C0}.Release|Any CPU.Build.0 = Release|Any CPU
	EndGlobalSection
	GlobalSection(SolutionProperties) = preSolution
		HideSolutionNode = FALSE
	EndGlobalSection
	GlobalSection(ExtensibilityGlobals) = postSolution
		SolutionGuid = {C2C94A5A-C9AD-411B-86DE-0108466BD1E6}
	EndGlobalSection
EndGlobal
